
Microsoft Visual Studio Solution File, Format Version 12.00
# Visual Studio Version 16
VisualStudioVersion = 16.0.29709.97
MinimumVisualStudioVersion = 10.0.40219.1
Project("{FAE04EC0-301F-11D3-BF4B-00C04F79EFBC}") = "NWaves.Blueprints", "NWaves.Blueprints\NWaves.Blueprints.csproj", "{916FB6B7-8B5D-434C-B7C7-6F5F10E067CF}"
EndProject
Global
	GlobalSection(SolutionConfigurationPlatforms) = preSolution
		Debug|Any CPU = Debug|Any CPU
		Release|Any CPU = Release|Any CPU
	EndGlobalSection
	GlobalSection(ProjectConfigurationPlatforms) = postSolution
		{916FB6B7-8B5D-434C-B7C7-6F5F10E067CF}.Debug|Any CPU.ActiveCfg = Debug|Any CPU
		{916FB6B7-8B5D-434C-B7C7-6F5F10E067CF}.Debug|Any CPU.Build.0 = Debug|Any CPU
		{916FB6B7-8B5D-434C-B7C7-6F5F10E067CF}.Release|Any CPU.ActiveCfg = Release|Any CPU
		{916FB6B7-8B5D-434C-B7C7-6F5F10E067CF}.Release|Any CPU.Build.0 = Release|Any CPU
	EndGlobalSection
	GlobalSection(SolutionProperties) = preSolution
		HideSolutionNode = FALSE
	EndGlobalSection
	GlobalSection(ExtensibilityGlobals) = postSolution
		SolutionGuid = {5852EAB9-4137-44F3-8BE9-27A95A6DB389}
	EndGlobalSection
EndGlobal
